// !$*UTF8*$!
{
	archiveVersion = 1;
	classes = {
	};
	objectVersion = 56;
	objects = {

/* Begin PBXBuildFile section */
		D92D60E52A494AF500B90769 /* AppDelegate.swift in Sources */ = {isa = PBXBuildFile; fileRef = D92D60E42A494AF500B90769 /* AppDelegate.swift */; };
		D92D60E72A494AF500B90769 /* SceneDelegate.swift in Sources */ = {isa = PBXBuildFile; fileRef = D92D60E62A494AF500B90769 /* SceneDelegate.swift */; };
		D92D60E92A494AF500B90769 /* ViewController.swift in Sources */ = {isa = PBXBuildFile; fileRef = D92D60E82A494AF500B90769 /* ViewController.swift */; };
		D92D60EC2A494AF500B90769 /* Main.storyboard in Resources */ = {isa = PBXBuildFile; fileRef = D92D60EA2A494AF500B90769 /* Main.storyboard */; };
		D92D60EF2A494AF500B90769 /* newProject.xcdatamodeld in Sources */ = {isa = PBXBuildFile; fileRef = D92D60ED2A494AF500B90769 /* newProject.xcdatamodeld */; };
		D92D60F42A494AF900B90769 /* LaunchScreen.storyboard in Resources */ = {isa = PBXBuildFile; fileRef = D92D60F22A494AF900B90769 /* LaunchScreen.storyboard */; };
		D92D60FF2A494AFA00B90769 /* newProjectTests.swift in Sources */ = {isa = PBXBuildFile; fileRef = D92D60FE2A494AFA00B90769 /* newProjectTests.swift */; };
		D92D61092A494AFA00B90769 /* newProjectUITests.swift in Sources */ = {isa = PBXBuildFile; fileRef = D92D61082A494AFA00B90769 /* newProjectUITests.swift */; };
		D92D610B2A494AFA00B90769 /* newProjectUITestsLaunchTests.swift in Sources */ = {isa = PBXBuildFile; fileRef = D92D610A2A494AFA00B90769 /* newProjectUITestsLaunchTests.swift */; };
		D92D61182A49502500B90769 /* functions.swift in Sources */ = {isa = PBXBuildFile; fileRef = D92D61172A49502500B90769 /* functions.swift */; };
		D92D611B2A49523500B90769 /* newTableViewCell.swift in Sources */ = {isa = PBXBuildFile; fileRef = D92D61192A49523500B90769 /* newTableViewCell.swift */; };
		D92D611C2A49523500B90769 /* newTableViewCell.xib in Resources */ = {isa = PBXBuildFile; fileRef = D92D611A2A49523500B90769 /* newTableViewCell.xib */; };
		D92D611F2A49525900B90769 /* newCollectionViewCell.swift in Sources */ = {isa = PBXBuildFile; fileRef = D92D611D2A49525900B90769 /* newCollectionViewCell.swift */; };
		D92D61202A49525900B90769 /* newCollectionViewCell.xib in Resources */ = {isa = PBXBuildFile; fileRef = D92D611E2A49525900B90769 /* newCollectionViewCell.xib */; };
		D92D61222A496AAA00B90769 /* Assets.xcassets in Resources */ = {isa = PBXBuildFile; fileRef = D92D61212A496AA900B90769 /* Assets.xcassets */; };
		D92D61242A497EE300B90769 /* collectionViewModal.swift in Sources */ = {isa = PBXBuildFile; fileRef = D92D61232A497EE300B90769 /* collectionViewModal.swift */; };
/* End PBXBuildFile section */

/* Begin PBXContainerItemProxy section */
		D92D60FB2A494AFA00B90769 /* PBXContainerItemProxy */ = {
			isa = PBXContainerItemProxy;
			containerPortal = D92D60D92A494AF500B90769 /* Project object */;
			proxyType = 1;
			remoteGlobalIDString = D92D60E02A494AF500B90769;
			remoteInfo = newProject;
		};
		D92D61052A494AFA00B90769 /* PBXContainerItemProxy */ = {
			isa = PBXContainerItemProxy;
			containerPortal = D92D60D92A494AF500B90769 /* Project object */;
			proxyType = 1;
			remoteGlobalIDString = D92D60E02A494AF500B90769;
			remoteInfo = newProject;
		};
/* End PBXContainerItemProxy section */

/* Begin PBXFileReference section */
		D92D60E12A494AF500B90769 /* newProject.app */ = {isa = PBXFileReference; explicitFileType = wrapper.application; includeInIndex = 0; path = newProject.app; sourceTree = BUILT_PRODUCTS_DIR; };
		D92D60E42A494AF500B90769 /* AppDelegate.swift */ = {isa = PBXFileReference; lastKnownFileType = sourcecode.swift; path = AppDelegate.swift; sourceTree = "<group>"; };
		D92D60E62A494AF500B90769 /* SceneDelegate.swift */ = {isa = PBXFileReference; lastKnownFileType = sourcecode.swift; path = SceneDelegate.swift; sourceTree = "<group>"; };
		D92D60E82A494AF500B90769 /* ViewController.swift */ = {isa = PBXFileReference; lastKnownFileType = sourcecode.swift; path = ViewController.swift; sourceTree = "<group>"; };
		D92D60EB2A494AF500B90769 /* Base */ = {isa = PBXFileReference; lastKnownFileType = file.storyboard; name = Base; path = Base.lproj/Main.storyboard; sourceTree = "<group>"; };
		D92D60EE2A494AF500B90769 /* newProject.xcdatamodel */ = {isa = PBXFileReference; lastKnownFileType = wrapper.xcdatamodel; path = newProject.xcdatamodel; sourceTree = "<group>"; };
		D92D60F32A494AF900B90769 /* Base */ = {isa = PBXFileReference; lastKnownFileType = file.storyboard; name = Base; path = Base.lproj/LaunchScreen.storyboard; sourceTree = "<group>"; };
		D92D60F52A494AF900B90769 /* Info.plist */ = {isa = PBXFileReference; lastKnownFileType = text.plist.xml; path = Info.plist; sourceTree = "<group>"; };
		D92D60FA2A494AFA00B90769 /* newProjectTests.xctest */ = {isa = PBXFileReference; explicitFileType = wrapper.cfbundle; includeInIndex = 0; path = newProjectTests.xctest; sourceTree = BUILT_PRODUCTS_DIR; };
		D92D60FE2A494AFA00B90769 /* newProjectTests.swift */ = {isa = PBXFileReference; lastKnownFileType = sourcecode.swift; path = newProjectTests.swift; sourceTree = "<group>"; };
		D92D61042A494AFA00B90769 /* newProjectUITests.xctest */ = {isa = PBXFileReference; explicitFileType = wrapper.cfbundle; includeInIndex = 0; path = newProjectUITests.xctest; sourceTree = BUILT_PRODUCTS_DIR; };
		D92D61082A494AFA00B90769 /* newProjectUITests.swift */ = {isa = PBXFileReference; lastKnownFileType = sourcecode.swift; path = newProjectUITests.swift; sourceTree = "<group>"; };
		D92D610A2A494AFA00B90769 /* newProjectUITestsLaunchTests.swift */ = {isa = PBXFileReference; lastKnownFileType = sourcecode.swift; path = newProjectUITestsLaunchTests.swift; sourceTree = "<group>"; };
		D92D61172A49502500B90769 /* functions.swift */ = {isa = PBXFileReference; lastKnownFileType = sourcecode.swift; path = functions.swift; sourceTree = "<group>"; };
		D92D61192A49523500B90769 /* newTableViewCell.swift */ = {isa = PBXFileReference; lastKnownFileType = sourcecode.swift; path = newTableViewCell.swift; sourceTree = "<group>"; };
		D92D611A2A49523500B90769 /* newTableViewCell.xib */ = {isa = PBXFileReference; lastKnownFileType = file.xib; path = newTableViewCell.xib; sourceTree = "<group>"; };
		D92D611D2A49525900B90769 /* newCollectionViewCell.swift */ = {isa = PBXFileReference; lastKnownFileType = sourcecode.swift; path = newCollectionViewCell.swift; sourceTree = "<group>"; };
		D92D611E2A49525900B90769 /* newCollectionViewCell.xib */ = {isa = PBXFileReference; lastKnownFileType = file.xib; path = newCollectionViewCell.xib; sourceTree = "<group>"; };
		D92D61212A496AA900B90769 /* Assets.xcassets */ = {isa = PBXFileReference; lastKnownFileType = folder.assetcatalog; name = Assets.xcassets; path = "../../crashCrouse 5.59.57 PM/crashCrouse/Assets.xcassets"; sourceTree = "<group>"; };
		D92D61232A497EE300B90769 /* collectionViewModal.swift */ = {isa = PBXFileReference; fileEncoding = 4; lastKnownFileType = sourcecode.swift; path = collectionViewModal.swift; sourceTree = "<group>"; };
/* End PBXFileReference section */

/* Begin PBXFrameworksBuildPhase section */
		D92D60DE2A494AF500B90769 /* Frameworks */ = {
			isa = PBXFrameworksBuildPhase;
			buildActionMask = 2147483647;
			files = (
			);
			runOnlyForDeploymentPostprocessing = 0;
		};
		D92D60F72A494AFA00B90769 /* Frameworks */ = {
			isa = PBXFrameworksBuildPhase;
			buildActionMask = 2147483647;
			files = (
			);
			runOnlyForDeploymentPostprocessing = 0;
		};
		D92D61012A494AFA00B90769 /* Frameworks */ = {
			isa = PBXFrameworksBuildPhase;
			buildActionMask = 2147483647;
			files = (
			);
			runOnlyForDeploymentPostprocessing = 0;
		};
/* End PBXFrameworksBuildPhase section */

/* Begin PBXGroup section */
		D92D60D82A494AF500B90769 = {
			isa = PBXGroup;
			children = (
				D92D60E32A494AF500B90769 /* newProject */,
				D92D60FD2A494AFA00B90769 /* newProjectTests */,
				D92D61072A494AFA00B90769 /* newProjectUITests */,
				D92D60E22A494AF500B90769 /* Products */,
			);
			sourceTree = "<group>";
		};
		D92D60E22A494AF500B90769 /* Products */ = {
			isa = PBXGroup;
			children = (
				D92D60E12A494AF500B90769 /* newProject.app */,
				D92D60FA2A494AFA00B90769 /* newProjectTests.xctest */,
				D92D61042A494AFA00B90769 /* newProjectUITests.xctest */,
			);
			name = Products;
			sourceTree = "<group>";
		};
		D92D60E32A494AF500B90769 /* newProject */ = {
			isa = PBXGroup;
			children = (
				D92D60E42A494AF500B90769 /* AppDelegate.swift */,
				D92D60E62A494AF500B90769 /* SceneDelegate.swift */,
				D92D60E82A494AF500B90769 /* ViewController.swift */,
				D92D60EA2A494AF500B90769 /* Main.storyboard */,
				D92D61232A497EE300B90769 /* collectionViewModal.swift */,
				D92D61172A49502500B90769 /* functions.swift */,
				D92D61212A496AA900B90769 /* Assets.xcassets */,
				D92D61192A49523500B90769 /* newTableViewCell.swift */,
				D92D611A2A49523500B90769 /* newTableViewCell.xib */,
				D92D611D2A49525900B90769 /* newCollectionViewCell.swift */,
				D92D611E2A49525900B90769 /* newCollectionViewCell.xib */,
				D92D60F22A494AF900B90769 /* LaunchScreen.storyboard */,
				D92D60F52A494AF900B90769 /* Info.plist */,
				D92D60ED2A494AF500B90769 /* newProject.xcdatamodeld */,
			);
			path = newProject;
			sourceTree = "<group>";
		};
		D92D60FD2A494AFA00B90769 /* newProjectTests */ = {
			isa = PBXGroup;
			children = (
				D92D60FE2A494AFA00B90769 /* newProjectTests.swift */,
			);
			path = newProjectTests;
			sourceTree = "<group>";
		};
		D92D61072A494AFA00B90769 /* newProjectUITests */ = {
			isa = PBXGroup;
			children = (
				D92D61082A494AFA00B90769 /* newProjectUITests.swift */,
				D92D610A2A494AFA00B90769 /* newProjectUITestsLaunchTests.swift */,
			);
			path = newProjectUITests;
			sourceTree = "<group>";
		};
/* End PBXGroup section */

/* Begin PBXNativeTarget section */
		D92D60E02A494AF500B90769 /* newProject */ = {
			isa = PBXNativeTarget;
			buildConfigurationList = D92D610E2A494AFA00B90769 /* Build configuration list for PBXNativeTarget "newProject" */;
			buildPhases = (
				D92D60DD2A494AF500B90769 /* Sources */,
				D92D60DE2A494AF500B90769 /* Frameworks */,
				D92D60DF2A494AF500B90769 /* Resources */,
			);
			buildRules = (
			);
			dependencies = (
			);
			name = newProject;
			productName = newProject;
			productReference = D92D60E12A494AF500B90769 /* newProject.app */;
			productType = "com.apple.product-type.application";
		};
		D92D60F92A494AFA00B90769 /* newProjectTests */ = {
			isa = PBXNativeTarget;
			buildConfigurationList = D92D61112A494AFA00B90769 /* Build configuration list for PBXNativeTarget "newProjectTests" */;
			buildPhases = (
				D92D60F62A494AFA00B90769 /* Sources */,
				D92D60F72A494AFA00B90769 /* Frameworks */,
				D92D60F82A494AFA00B90769 /* Resources */,
			);
			buildRules = (
			);
			dependencies = (
				D92D60FC2A494AFA00B90769 /* PBXTargetDependency */,
			);
			name = newProjectTests;
			productName = newProjectTests;
			productReference = D92D60FA2A494AFA00B90769 /* newProjectTests.xctest */;
			productType = "com.apple.product-type.bundle.unit-test";
		};
		D92D61032A494AFA00B90769 /* newProjectUITests */ = {
			isa = PBXNativeTarget;
			buildConfigurationList = D92D61142A494AFA00B90769 /* Build configuration list for PBXNativeTarget "newProjectUITests" */;
			buildPhases = (
				D92D61002A494AFA00B90769 /* Sources */,
				D92D61012A494AFA00B90769 /* Frameworks */,
				D92D61022A494AFA00B90769 /* Resources */,
			);
			buildRules = (
			);
			dependencies = (
				D92D61062A494AFA00B90769 /* PBXTargetDependency */,
			);
			name = newProjectUITests;
			productName = newProjectUITests;
			productReference = D92D61042A494AFA00B90769 /* newProjectUITests.xctest */;
			productType = "com.apple.product-type.bundle.ui-testing";
		};
/* End PBXNativeTarget section */

/* Begin PBXProject section */
		D92D60D92A494AF500B90769 /* Project object */ = {
			isa = PBXProject;
			attributes = {
				BuildIndependentTargetsInParallel = 1;
				LastSwiftUpdateCheck = 1420;
				LastUpgradeCheck = 1420;
				TargetAttributes = {
					D92D60E02A494AF500B90769 = {
						CreatedOnToolsVersion = 14.2;
					};
					D92D60F92A494AFA00B90769 = {
						CreatedOnToolsVersion = 14.2;
						TestTargetID = D92D60E02A494AF500B90769;
					};
					D92D61032A494AFA00B90769 = {
						CreatedOnToolsVersion = 14.2;
						TestTargetID = D92D60E02A494AF500B90769;
					};
				};
			};
			buildConfigurationList = D92D60DC2A494AF500B90769 /* Build configuration list for PBXProject "newProject" */;
			compatibilityVersion = "Xcode 14.0";
			developmentRegion = en;
			hasScannedForEncodings = 0;
			knownRegions = (
				en,
				Base,
			);
			mainGroup = D92D60D82A494AF500B90769;
			productRefGroup = D92D60E22A494AF500B90769 /* Products */;
			projectDirPath = "";
			projectRoot = "";
			targets = (
				D92D60E02A494AF500B90769 /* newProject */,
				D92D60F92A494AFA00B90769 /* newProjectTests */,
				D92D61032A494AFA00B90769 /* newProjectUITests */,
			);
		};
/* End PBXProject section */

/* Begin PBXResourcesBuildPhase section */
		D92D60DF2A494AF500B90769 /* Resources */ = {
			isa = PBXResourcesBuildPhase;
			buildActionMask = 2147483647;
			files = (
				D92D60F42A494AF900B90769 /* LaunchScreen.storyboard in Resources */,
				D92D61202A49525900B90769 /* newCollectionViewCell.xib in Resources */,
				D92D611C2A49523500B90769 /* newTableViewCell.xib in Resources */,
				D92D61222A496AAA00B90769 /* Assets.xcassets in Resources */,
				D92D60EC2A494AF500B90769 /* Main.storyboard in Resources */,
			);
			runOnlyForDeploymentPostprocessing = 0;
		};
		D92D60F82A494AFA00B90769 /* Resources */ = {
			isa = PBXResourcesBuildPhase;
			buildActionMask = 2147483647;
			files = (
			);
			runOnlyForDeploymentPostprocessing = 0;
		};
		D92D61022A494AFA00B90769 /* Resources */ = {
			isa = PBXResourcesBuildPhase;
			buildActionMask = 2147483647;
			files = (
			);
			runOnlyForDeploymentPostprocessing = 0;
		};
/* End PBXResourcesBuildPhase section */

/* Begin PBXSourcesBuildPhase section */
		D92D60DD2A494AF500B90769 /* Sources */ = {
			isa = PBXSourcesBuildPhase;
			buildActionMask = 2147483647;
			files = (
				D92D61242A497EE300B90769 /* collectionViewModal.swift in Sources */,
				D92D611F2A49525900B90769 /* newCollectionViewCell.swift in Sources */,
				D92D60EF2A494AF500B90769 /* newProject.xcdatamodeld in Sources */,
				D92D61182A49502500B90769 /* functions.swift in Sources */,
				D92D60E92A494AF500B90769 /* ViewController.swift in Sources */,
				D92D60E52A494AF500B90769 /* AppDelegate.swift in Sources */,
				D92D611B2A49523500B90769 /* newTableViewCell.swift in Sources */,
				D92D60E72A494AF500B90769 /* SceneDelegate.swift in Sources */,
			);
			runOnlyForDeploymentPostprocessing = 0;
		};
		D92D60F62A494AFA00B90769 /* Sources */ = {
			isa = PBXSourcesBuildPhase;
			buildActionMask = 2147483647;
			files = (
				D92D60FF2A494AFA00B90769 /* newProjectTests.swift in Sources */,
			);
			runOnlyForDeploymentPostprocessing = 0;
		};
		D92D61002A494AFA00B90769 /* Sources */ = {
			isa = PBXSourcesBuildPhase;
			buildActionMask = 2147483647;
			files = (
				D92D61092A494AFA00B90769 /* newProjectUITests.swift in Sources */,
				D92D610B2A494AFA00B90769 /* newProjectUITestsLaunchTests.swift in Sources */,
			);
			runOnlyForDeploymentPostprocessing = 0;
		};
/* End PBXSourcesBuildPhase section */

/* Begin PBXTargetDependency section */
		D92D60FC2A494AFA00B90769 /* PBXTargetDependency */ = {
			isa = PBXTargetDependency;
			target = D92D60E02A494AF500B90769 /* newProject */;
			targetProxy = D92D60FB2A494AFA00B90769 /* PBXContainerItemProxy */;
		};
		D92D61062A494AFA00B90769 /* PBXTargetDependency */ = {
			isa = PBXTargetDependency;
			target = D92D60E02A494AF500B90769 /* newProject */;
			targetProxy = D92D61052A494AFA00B90769 /* PBXContainerItemProxy */;
		};
/* End PBXTargetDependency section */

/* Begin PBXVariantGroup section */
		D92D60EA2A494AF500B90769 /* Main.storyboard */ = {
			isa = PBXVariantGroup;
			children = (
				D92D60EB2A494AF500B90769 /* Base */,
			);
			name = Main.storyboard;
			sourceTree = "<group>";
		};
		D92D60F22A494AF900B90769 /* LaunchScreen.storyboard */ = {
			isa = PBXVariantGroup;
			children = (
				D92D60F32A494AF900B90769 /* Base */,
			);
			name = LaunchScreen.storyboard;
			sourceTree = "<group>";
		};
/* End PBXVariantGroup section */

/* Begin XCBuildConfiguration section */
		D92D610C2A494AFA00B90769 /* Debug */ = {
			isa = XCBuildConfiguration;
			buildSettings = {
				ALWAYS_SEARCH_USER_PATHS = NO;
				CLANG_ANALYZER_NONNULL = YES;
				CLANG_ANALYZER_NUMBER_OBJECT_CONVERSION = YES_AGGRESSIVE;
				CLANG_CXX_LANGUAGE_STANDARD = "gnu++20";
				CLANG_ENABLE_MODULES = YES;
				CLANG_ENABLE_OBJC_ARC = YES;
				CLANG_ENABLE_OBJC_WEAK = YES;
				CLANG_WARN_BLOCK_CAPTURE_AUTORELEASING = YES;
				CLANG_WARN_BOOL_CONVERSION = YES;
				CLANG_WARN_COMMA = YES;
				CLANG_WARN_CONSTANT_CONVERSION = YES;
				CLANG_WARN_DEPRECATED_OBJC_IMPLEMENTATIONS = YES;
				CLANG_WARN_DIRECT_OBJC_ISA_USAGE = YES_ERROR;
				CLANG_WARN_DOCUMENTATION_COMMENTS = YES;
				CLANG_WARN_EMPTY_BODY = YES;
				CLANG_WARN_ENUM_CONVERSION = YES;
				CLANG_WARN_INFINITE_RECURSION = YES;
				CLANG_WARN_INT_CONVERSION = YES;
				CLANG_WARN_NON_LITERAL_NULL_CONVERSION = YES;
				CLANG_WARN_OBJC_IMPLICIT_RETAIN_SELF = YES;
				CLANG_WARN_OBJC_LITERAL_CONVERSION = YES;
				CLANG_WARN_OBJC_ROOT_CLASS = YES_ERROR;
				CLANG_WARN_QUOTED_INCLUDE_IN_FRAMEWORK_HEADER = YES;
				CLANG_WARN_RANGE_LOOP_ANALYSIS = YES;
				CLANG_WARN_STRICT_PROTOTYPES = YES;
				CLANG_WARN_SUSPICIOUS_MOVE = YES;
				CLANG_WARN_UNGUARDED_AVAILABILITY = YES_AGGRESSIVE;
				CLANG_WARN_UNREACHABLE_CODE = YES;
				CLANG_WARN__DUPLICATE_METHOD_MATCH = YES;
				COPY_PHASE_STRIP = NO;
				DEBUG_INFORMATION_FORMAT = dwarf;
				ENABLE_STRICT_OBJC_MSGSEND = YES;
				ENABLE_TESTABILITY = YES;
				GCC_C_LANGUAGE_STANDARD = gnu11;
				GCC_DYNAMIC_NO_PIC = NO;
				GCC_NO_COMMON_BLOCKS = YES;
				GCC_OPTIMIZATION_LEVEL = 0;
				GCC_PREPROCESSOR_DEFINITIONS = (
					"DEBUG=1",
					"$(inherited)",
				);
				GCC_WARN_64_TO_32_BIT_CONVERSION = YES;
				GCC_WARN_ABOUT_RETURN_TYPE = YES_ERROR;
				GCC_WARN_UNDECLARED_SELECTOR = YES;
				GCC_WARN_UNINITIALIZED_AUTOS = YES_AGGRESSIVE;
				GCC_WARN_UNUSED_FUNCTION = YES;
				GCC_WARN_UNUSED_VARIABLE = YES;
				IPHONEOS_DEPLOYMENT_TARGET = 16.2;
				MTL_ENABLE_DEBUG_INFO = INCLUDE_SOURCE;
				MTL_FAST_MATH = YES;
				ONLY_ACTIVE_ARCH = YES;
				SDKROOT = iphoneos;
				SWIFT_ACTIVE_COMPILATION_CONDITIONS = DEBUG;
				SWIFT_OPTIMIZATION_LEVEL = "-Onone";
			};
			name = Debug;
		};
		D92D610D2A494AFA00B90769 /* Release */ = {
			isa = XCBuildConfiguration;
			buildSettings = {
				ALWAYS_SEARCH_USER_PATHS = NO;
				CLANG_ANALYZER_NONNULL = YES;
				CLANG_ANALYZER_NUMBER_OBJECT_CONVERSION = YES_AGGRESSIVE;
				CLANG_CXX_LANGUAGE_STANDARD = "gnu++20";
				CLANG_ENABLE_MODULES = YES;
				CLANG_ENABLE_OBJC_ARC = YES;
				CLANG_ENABLE_OBJC_WEAK = YES;
				CLANG_WARN_BLOCK_CAPTURE_AUTORELEASING = YES;
				CLANG_WARN_BOOL_CONVERSION = YES;
				CLANG_WARN_COMMA = YES;
				CLANG_WARN_CONSTANT_CONVERSION = YES;
				CLANG_WARN_DEPRECATED_OBJC_IMPLEMENTATIONS = YES;
				CLANG_WARN_DIRECT_OBJC_ISA_USAGE = YES_ERROR;
				CLANG_WARN_DOCUMENTATION_COMMENTS = YES;
				CLANG_WARN_EMPTY_BODY = YES;
				CLANG_WARN_ENUM_CONVERSION = YES;
				CLANG_WARN_INFINITE_RECURSION = YES;
				CLANG_WARN_INT_CONVERSION = YES;
				CLANG_WARN_NON_LITERAL_NULL_CONVERSION = YES;
				CLANG_WARN_OBJC_IMPLICIT_RETAIN_SELF = YES;
				CLANG_WARN_OBJC_LITERAL_CONVERSION = YES;
				CLANG_WARN_OBJC_ROOT_CLASS = YES_ERROR;
				CLANG_WARN_QUOTED_INCLUDE_IN_FRAMEWORK_HEADER = YES;
				CLANG_WARN_RANGE_LOOP_ANALYSIS = YES;
				CLANG_WARN_STRICT_PROTOTYPES = YES;
				CLANG_WARN_SUSPICIOUS_MOVE = YES;
				CLANG_WARN_UNGUARDED_AVAILABILITY = YES_AGGRESSIVE;
				CLANG_WARN_UNREACHABLE_CODE = YES;
				CLANG_WARN__DUPLICATE_METHOD_MATCH = YES;
				COPY_PHASE_STRIP = NO;
				DEBUG_INFORMATION_FORMAT = "dwarf-with-dsym";
				ENABLE_NS_ASSERTIONS = NO;
				ENABLE_STRICT_OBJC_MSGSEND = YES;
				GCC_C_LANGUAGE_STANDARD = gnu11;
				GCC_NO_COMMON_BLOCKS = YES;
				GCC_WARN_64_TO_32_BIT_CONVERSION = YES;
				GCC_WARN_ABOUT_RETURN_TYPE = YES_ERROR;
				GCC_WARN_UNDECLARED_SELECTOR = YES;
				GCC_WARN_UNINITIALIZED_AUTOS = YES_AGGRESSIVE;
				GCC_WARN_UNUSED_FUNCTION = YES;
				GCC_WARN_UNUSED_VARIABLE = YES;
				IPHONEOS_DEPLOYMENT_TARGET = 16.2;
				MTL_ENABLE_DEBUG_INFO = NO;
				MTL_FAST_MATH = YES;
				SDKROOT = iphoneos;
				SWIFT_COMPILATION_MODE = wholemodule;
				SWIFT_OPTIMIZATION_LEVEL = "-O";
				VALIDATE_PRODUCT = YES;
			};
			name = Release;
		};
		D92D610F2A494AFA00B90769 /* Debug */ = {
			isa = XCBuildConfiguration;
			buildSettings = {
				ASSETCATALOG_COMPILER_APPICON_NAME = AppIcon;
				ASSETCATALOG_COMPILER_GLOBAL_ACCENT_COLOR_NAME = AccentColor;
				CODE_SIGN_STYLE = Automatic;
				CURRENT_PROJECT_VERSION = 1;
				GENERATE_INFOPLIST_FILE = YES;
				INFOPLIST_FILE = newProject/Info.plist;
				INFOPLIST_KEY_UIApplicationSupportsIndirectInputEvents = YES;
				INFOPLIST_KEY_UILaunchStoryboardName = LaunchScreen;
				INFOPLIST_KEY_UIMainStoryboardFile = Main;
				INFOPLIST_KEY_UISupportedInterfaceOrientations_iPad = "UIInterfaceOrientationPortrait UIInterfaceOrientationPortraitUpsideDown UIInterfaceOrientationLandscapeLeft UIInterfaceOrientationLandscapeRight";
				INFOPLIST_KEY_UISupportedInterfaceOrientations_iPhone = "UIInterfaceOrientationPortrait UIInterfaceOrientationLandscapeLeft UIInterfaceOrientationLandscapeRight";
				LD_RUNPATH_SEARCH_PATHS = (
					"$(inherited)",
					"@executable_path/Frameworks",
				);
				MARKETING_VERSION = 1.0;
				PRODUCT_BUNDLE_IDENTIFIER = imc.newProject;
				PRODUCT_NAME = "$(TARGET_NAME)";
				SWIFT_EMIT_LOC_STRINGS = YES;
				SWIFT_VERSION = 5.0;
				TARGETED_DEVICE_FAMILY = "1,2";
			};
			name = Debug;
		};
		D92D61102A494AFA00B90769 /* Release */ = {
			isa = XCBuildConfiguration;
			buildSettings = {
				ASSETCATALOG_COMPILER_APPICON_NAME = AppIcon;
				ASSETCATALOG_COMPILER_GLOBAL_ACCENT_COLOR_NAME = AccentColor;
				CODE_SIGN_STYLE = Automatic;
				CURRENT_PROJECT_VERSION = 1;
				GENERATE_INFOPLIST_FILE = YES;
				INFOPLIST_FILE = newProject/Info.plist;
				INFOPLIST_KEY_UIApplicationSupportsIndirectInputEvents = YES;
				INFOPLIST_KEY_UILaunchStoryboardName = LaunchScreen;
				INFOPLIST_KEY_UIMainStoryboardFile = Main;
				INFOPLIST_KEY_UISupportedInterfaceOrientations_iPad = "UIInterfaceOrientationPortrait UIInterfaceOrientationPortraitUpsideDown UIInterfaceOrientationLandscapeLeft UIInterfaceOrientationLandscapeRight";
				INFOPLIST_KEY_UISupportedInterfaceOrientations_iPhone = "UIInterfaceOrientationPortrait UIInterfaceOrientationLandscapeLeft UIInterfaceOrientationLandscapeRight";
				LD_RUNPATH_SEARCH_PATHS = (
					"$(inherited)",
					"@executable_path/Frameworks",
				);
				MARKETING_VERSION = 1.0;
				PRODUCT_BUNDLE_IDENTIFIER = imc.newProject;
				PRODUCT_NAME = "$(TARGET_NAME)";
				SWIFT_EMIT_LOC_STRINGS = YES;
				SWIFT_VERSION = 5.0;
				TARGETED_DEVICE_FAMILY = "1,2";
			};
			name = Release;
		};
		D92D61122A494AFA00B90769 /* Debug */ = {
			isa = XCBuildConfiguration;
			buildSettings = {
				ALWAYS_EMBED_SWIFT_STANDARD_LIBRARIES = YES;
				BUNDLE_LOADER = "$(TEST_HOST)";
				CODE_SIGN_STYLE = Automatic;
				CURRENT_PROJECT_VERSION = 1;
				GENERATE_INFOPLIST_FILE = YES;
				IPHONEOS_DEPLOYMENT_TARGET = 16.2;
				MARKETING_VERSION = 1.0;
				PRODUCT_BUNDLE_IDENTIFIER = imc.newProjectTests;
				PRODUCT_NAME = "$(TARGET_NAME)";
				SWIFT_EMIT_LOC_STRINGS = NO;
				SWIFT_VERSION = 5.0;
				TARGETED_DEVICE_FAMILY = "1,2";
				TEST_HOST = "$(BUILT_PRODUCTS_DIR)/newProject.app/$(BUNDLE_EXECUTABLE_FOLDER_PATH)/newProject";
			};
			name = Debug;
		};
		D92D61132A494AFA00B90769 /* Release */ = {
			isa = XCBuildConfiguration;
			buildSettings = {
				ALWAYS_EMBED_SWIFT_STANDARD_LIBRARIES = YES;
				BUNDLE_LOADER = "$(TEST_HOST)";
				CODE_SIGN_STYLE = Automatic;
				CURRENT_PROJECT_VERSION = 1;
				GENERATE_INFOPLIST_FILE = YES;
				IPHONEOS_DEPLOYMENT_TARGET = 16.2;
				MARKETING_VERSION = 1.0;
				PRODUCT_BUNDLE_IDENTIFIER = imc.newProjectTests;
				PRODUCT_NAME = "$(TARGET_NAME)";
				SWIFT_EMIT_LOC_STRINGS = NO;
				SWIFT_VERSION = 5.0;
				TARGETED_DEVICE_FAMILY = "1,2";
				TEST_HOST = "$(BUILT_PRODUCTS_DIR)/newProject.app/$(BUNDLE_EXECUTABLE_FOLDER_PATH)/newProject";
			};
			name = Release;
		};
		D92D61152A494AFA00B90769 /* Debug */ = {
			isa = XCBuildConfiguration;
			buildSettings = {
				ALWAYS_EMBED_SWIFT_STANDARD_LIBRARIES = YES;
				CODE_SIGN_STYLE = Automatic;
				CURRENT_PROJECT_VERSION = 1;
				GENERATE_INFOPLIST_FILE = YES;
				MARKETING_VERSION = 1.0;
				PRODUCT_BUNDLE_IDENTIFIER = imc.newProjectUITests;
				PRODUCT_NAME = "$(TARGET_NAME)";
				SWIFT_EMIT_LOC_STRINGS = NO;
				SWIFT_VERSION = 5.0;
				TARGETED_DEVICE_FAMILY = "1,2";
				TEST_TARGET_NAME = newProject;
			};
			name = Debug;
		};
		D92D61162A494AFA00B90769 /* Release */ = {
			isa = XCBuildConfiguration;
			buildSettings = {
				ALWAYS_EMBED_SWIFT_STANDARD_LIBRARIES = YES;
				CODE_SIGN_STYLE = Automatic;
				CURRENT_PROJECT_VERSION = 1;
				GENERATE_INFOPLIST_FILE = YES;
				MARKETING_VERSION = 1.0;
				PRODUCT_BUNDLE_IDENTIFIER = imc.newProjectUITests;
				PRODUCT_NAME = "$(TARGET_NAME)";
				SWIFT_EMIT_LOC_STRINGS = NO;
				SWIFT_VERSION = 5.0;
				TARGETED_DEVICE_FAMILY = "1,2";
				TEST_TARGET_NAME = newProject;
			};
			name = Release;
		};
/* End XCBuildConfiguration section */

/* Begin XCConfigurationList section */
		D92D60DC2A494AF500B90769 /* Build configuration list for PBXProject "newProject" */ = {
			isa = XCConfigurationList;
			buildConfigurations = (
				D92D610C2A494AFA00B90769 /* Debug */,
				D92D610D2A494AFA00B90769 /* Release */,
			);
			defaultConfigurationIsVisible = 0;
			defaultConfigurationName = Release;
		};
		D92D610E2A494AFA00B90769 /* Build configuration list for PBXNativeTarget "newProject" */ = {
			isa = XCConfigurationList;
			buildConfigurations = (
				D92D610F2A494AFA00B90769 /* Debug */,
				D92D61102A494AFA00B90769 /* Release */,
			);
			defaultConfigurationIsVisible = 0;
			defaultConfigurationName = Release;
		};
		D92D61112A494AFA00B90769 /* Build configuration list for PBXNativeTarget "newProjectTests" */ = {
			isa = XCConfigurationList;
			buildConfigurations = (
				D92D61122A494AFA00B90769 /* Debug */,
				D92D61132A494AFA00B90769 /* Release */,
			);
			defaultConfigurationIsVisible = 0;
			defaultConfigurationName = Release;
		};
		D92D61142A494AFA00B90769 /* Build configuration list for PBXNativeTarget "newProjectUITests" */ = {
			isa = XCConfigurationList;
			buildConfigurations = (
				D92D61152A494AFA00B90769 /* Debug */,
				D92D61162A494AFA00B90769 /* Release */,
			);
			defaultConfigurationIsVisible = 0;
			defaultConfigurationName = Release;
		};
/* End XCConfigurationList section */

/* Begin XCVersionGroup section */
		D92D60ED2A494AF500B90769 /* newProject.xcdatamodeld */ = {
			isa = XCVersionGroup;
			children = (
				D92D60EE2A494AF500B90769 /* newProject.xcdatamodel */,
			);
			currentVersion = D92D60EE2A494AF500B90769 /* newProject.xcdatamodel */;
			path = newProject.xcdatamodeld;
			sourceTree = "<group>";
			versionGroupType = wrapper.xcdatamodel;
		};
/* End XCVersionGroup section */
	};
	rootObject = D92D60D92A494AF500B90769 /* Project object */;
}
